
Microsoft Visual Studio Solution File, Format Version 12.00
# Visual Studio 2017
Project("{FAE04EC0-301F-11D3-BF4B-00C04F79EFBC}") = "P.Foot", "P.Foot.csproj", "{75DDA659-6A78-AFDF-F248-6560FB46E175}"
EndProject
Project("{FAE04EC0-301F-11D3-BF4B-00C04F79EFBC}") = "P.Foot.Editor", "P.Foot.Editor.csproj", "{DA4DA122-5C29-CE2E-7280-AEA2EEBFF0D4}"
EndProject
Global
	GlobalSection(SolutionConfigurationPlatforms) = preSolution
		Debug|Any CPU = Debug|Any CPU
		Release|Any CPU = Release|Any CPU
	EndGlobalSection
	GlobalSection(ProjectConfigurationPlatforms) = postSolution
		{75DDA659-6A78-AFDF-F248-6560FB46E175}.Debug|Any CPU.ActiveCfg = Debug|Any CPU
		{75DDA659-6A78-AFDF-F248-6560FB46E175}.Debug|Any CPU.Build.0 = Debug|Any CPU
		{75DDA659-6A78-AFDF-F248-6560FB46E175}.Release|Any CPU.ActiveCfg = Release|Any CPU
		{75DDA659-6A78-AFDF-F248-6560FB46E175}.Release|Any CPU.Build.0 = Release|Any CPU
		{DA4DA122-5C29-CE2E-7280-AEA2EEBFF0D4}.Debug|Any CPU.ActiveCfg = Debug|Any CPU
		{DA4DA122-5C29-CE2E-7280-AEA2EEBFF0D4}.Debug|Any CPU.Build.0 = Debug|Any CPU
		{DA4DA122-5C29-CE2E-7280-AEA2EEBFF0D4}.Release|Any CPU.ActiveCfg = Release|Any CPU
		{DA4DA122-5C29-CE2E-7280-AEA2EEBFF0D4}.Release|Any CPU.Build.0 = Release|Any CPU
	EndGlobalSection
	GlobalSection(SolutionProperties) = preSolution
		HideSolutionNode = FALSE
	EndGlobalSection
EndGlobal
